
Microsoft Visual Studio Solution File, Format Version 12.00
# Visual Studio Version 16
VisualStudioVersion = 16.0.29926.136
MinimumVisualStudioVersion = 10.0.40219.1
Project("{FAE04EC0-301F-11D3-BF4B-00C04F79EFBC}") = "SampleCoreWebAPI", "SampleCoreWebAPI\SampleCoreWebAPI.csproj", "{3CC692D5-D664-4569-9E52-E7EF722CCB3E}"
EndProject
Global
	GlobalSection(SolutionConfigurationPlatforms) = preSolution
		Debug|Any CPU = Debug|Any CPU
		Release|Any CPU = Release|Any CPU
	EndGlobalSection
	GlobalSection(ProjectConfigurationPlatforms) = postSolution
		{3CC692D5-D664-4569-9E52-E7EF722CCB3E}.Debug|Any CPU.ActiveCfg = Debug|Any CPU
		{3CC692D5-D664-4569-9E52-E7EF722CCB3E}.Debug|Any CPU.Build.0 = Debug|Any CPU
		{3CC692D5-D664-4569-9E52-E7EF722CCB3E}.Release|Any CPU.ActiveCfg = Release|Any CPU
		{3CC692D5-D664-4569-9E52-E7EF722CCB3E}.Release|Any CPU.Build.0 = Release|Any CPU
	EndGlobalSection
	GlobalSection(SolutionProperties) = preSolution
		HideSolutionNode = FALSE
	EndGlobalSection
	GlobalSection(ExtensibilityGlobals) = postSolution
		SolutionGuid = {7CD523F7-0A39-4EB2-89A3-0F6965CADED2}
	EndGlobalSection
EndGlobal
